{
  "name": "Expanding-cards",
  "lockfileVersion": 2,
  "requires": true,
  "packages": {
    "": {
      "dependencies": {
        "es6": "^0.0.7",
        "moz": "^0.0.1"
      }
    },
    "node_modules/es6": {
      "version": "0.0.7",
      "resolved": "https://registry.npmjs.org/es6/-/es6-0.0.7.tgz",
      "integrity": "sha1-OyhRr+6mDbFs9WnVYGbaoPOXRnY=",
      "engines": {
        "node": ">=0.4.9"
      }
    },
    "node_modules/moz": {
      "version": "0.0.1",
      "resolved": "https://registry.npmjs.org/moz/-/moz-0.0.1.tgz",
      "integrity": "sha1-49CAzTO6AcdrKj3N0A41N8CvxmE="
    }
  },
  "dependencies": {
    "es6": {
      "version": "0.0.7",
      "resolved": "https://registry.npmjs.org/es6/-/es6-0.0.7.tgz",
      "integrity": "sha1-OyhRr+6mDbFs9WnVYGbaoPOXRnY="
    },
    "moz": {
      "version": "0.0.1",
      "resolved": "https://registry.npmjs.org/moz/-/moz-0.0.1.tgz",
      "integrity": "sha1-49CAzTO6AcdrKj3N0A41N8CvxmE="
    }
  }
}
